
Microsoft Visual Studio Solution File, Format Version 12.00
# Visual Studio Version 17
VisualStudioVersion = 17.5.33424.131
MinimumVisualStudioVersion = 10.0.40219.1
Project("{2150E333-8FDC-42A3-9474-1A3956D46DE8}") = "src", "src", "{C41C4B05-F8AB-48B2-9864-5FF46FB92848}"
EndProject
Project("{2150E333-8FDC-42A3-9474-1A3956D46DE8}") = "Core", "Core", "{69058BDA-7214-43C6-B50F-959F630A7E77}"
EndProject
Project("{2150E333-8FDC-42A3-9474-1A3956D46DE8}") = "UI", "UI", "{74B32B3B-6D4F-4600-B1FA-07CBA902B68F}"
EndProject
Project("{2150E333-8FDC-42A3-9474-1A3956D46DE8}") = "API", "API", "{B0146412-5AF4-464F-B18E-EABE157D8754}"
EndProject
Project("{2150E333-8FDC-42A3-9474-1A3956D46DE8}") = "Infrastructure", "Infrastructure", "{2A26B486-4281-4753-BFED-5800442EF786}"
EndProject
Project("{9A19103F-16F7-4668-BE54-9A1E7A4F7556}") = "HR.LeaveManagement.Domain", "Domain\HR.LeaveManagement.Domain.csproj", "{8E09A639-059B-4D79-B382-0C3F2DB83E7D}"
EndProject
Project("{9A19103F-16F7-4668-BE54-9A1E7A4F7556}") = "HR.LeaveManagement.Application", "HR.LeaveManagement.Application\HR.LeaveManagement.Application.csproj", "{2FCA9A3B-4657-4F06-AE01-2E0C23DAB9E7}"
EndProject
Project("{FAE04EC0-301F-11D3-BF4B-00C04F79EFBC}") = "HR.LeaveManagement.Persistence", "HR.LeaveManagement.Persistence\HR.LeaveManagement.Persistence.csproj", "{96BA7655-F791-4C9C-AFA8-3B77C7DE6442}"
EndProject
Project("{FAE04EC0-301F-11D3-BF4B-00C04F79EFBC}") = "HR.LeaveManagement.Infrastructure", "HR.LeaveManagement.Infrastructure\HR.LeaveManagement.Infrastructure.csproj", "{768D4195-9339-4833-A74C-79EC772900CD}"
EndProject
Global
	GlobalSection(SolutionConfigurationPlatforms) = preSolution
		Debug|Any CPU = Debug|Any CPU
		Release|Any CPU = Release|Any CPU
	EndGlobalSection
	GlobalSection(ProjectConfigurationPlatforms) = postSolution
		{8E09A639-059B-4D79-B382-0C3F2DB83E7D}.Debug|Any CPU.ActiveCfg = Debug|Any CPU
		{8E09A639-059B-4D79-B382-0C3F2DB83E7D}.Debug|Any CPU.Build.0 = Debug|Any CPU
		{8E09A639-059B-4D79-B382-0C3F2DB83E7D}.Release|Any CPU.ActiveCfg = Release|Any CPU
		{8E09A639-059B-4D79-B382-0C3F2DB83E7D}.Release|Any CPU.Build.0 = Release|Any CPU
		{2FCA9A3B-4657-4F06-AE01-2E0C23DAB9E7}.Debug|Any CPU.ActiveCfg = Debug|Any CPU
		{2FCA9A3B-4657-4F06-AE01-2E0C23DAB9E7}.Debug|Any CPU.Build.0 = Debug|Any CPU
		{2FCA9A3B-4657-4F06-AE01-2E0C23DAB9E7}.Release|Any CPU.ActiveCfg = Release|Any CPU
		{2FCA9A3B-4657-4F06-AE01-2E0C23DAB9E7}.Release|Any CPU.Build.0 = Release|Any CPU
		{96BA7655-F791-4C9C-AFA8-3B77C7DE6442}.Debug|Any CPU.ActiveCfg = Debug|Any CPU
		{96BA7655-F791-4C9C-AFA8-3B77C7DE6442}.Debug|Any CPU.Build.0 = Debug|Any CPU
		{96BA7655-F791-4C9C-AFA8-3B77C7DE6442}.Release|Any CPU.ActiveCfg = Release|Any CPU
		{96BA7655-F791-4C9C-AFA8-3B77C7DE6442}.Release|Any CPU.Build.0 = Release|Any CPU
		{768D4195-9339-4833-A74C-79EC772900CD}.Debug|Any CPU.ActiveCfg = Debug|Any CPU
		{768D4195-9339-4833-A74C-79EC772900CD}.Debug|Any CPU.Build.0 = Debug|Any CPU
		{768D4195-9339-4833-A74C-79EC772900CD}.Release|Any CPU.ActiveCfg = Release|Any CPU
		{768D4195-9339-4833-A74C-79EC772900CD}.Release|Any CPU.Build.0 = Release|Any CPU
	EndGlobalSection
	GlobalSection(SolutionProperties) = preSolution
		HideSolutionNode = FALSE
	EndGlobalSection
	GlobalSection(NestedProjects) = preSolution
		{69058BDA-7214-43C6-B50F-959F630A7E77} = {C41C4B05-F8AB-48B2-9864-5FF46FB92848}
		{74B32B3B-6D4F-4600-B1FA-07CBA902B68F} = {C41C4B05-F8AB-48B2-9864-5FF46FB92848}
		{B0146412-5AF4-464F-B18E-EABE157D8754} = {C41C4B05-F8AB-48B2-9864-5FF46FB92848}
		{2A26B486-4281-4753-BFED-5800442EF786} = {C41C4B05-F8AB-48B2-9864-5FF46FB92848}
		{8E09A639-059B-4D79-B382-0C3F2DB83E7D} = {69058BDA-7214-43C6-B50F-959F630A7E77}
		{2FCA9A3B-4657-4F06-AE01-2E0C23DAB9E7} = {69058BDA-7214-43C6-B50F-959F630A7E77}
		{96BA7655-F791-4C9C-AFA8-3B77C7DE6442} = {2A26B486-4281-4753-BFED-5800442EF786}
		{768D4195-9339-4833-A74C-79EC772900CD} = {2A26B486-4281-4753-BFED-5800442EF786}
	EndGlobalSection
	GlobalSection(ExtensibilityGlobals) = postSolution
		SolutionGuid = {35A713CE-66F4-4810-BF1D-73EB3DC391E7}
	EndGlobalSection
EndGlobal
