
Microsoft Visual Studio Solution File, Format Version 12.00
# Visual Studio Version 17
VisualStudioVersion = 17.5.33424.131
MinimumVisualStudioVersion = 10.0.40219.1
Project("{2150E333-8FDC-42A3-9474-1A3956D46DE8}") = "src", "src", "{C41C4B05-F8AB-48B2-9864-5FF46FB92848}"
EndProject
Project("{2150E333-8FDC-42A3-9474-1A3956D46DE8}") = "Core", "Core", "{69058BDA-7214-43C6-B50F-959F630A7E77}"
EndProject
Project("{2150E333-8FDC-42A3-9474-1A3956D46DE8}") = "UI", "UI", "{74B32B3B-6D4F-4600-B1FA-07CBA902B68F}"
EndProject
Project("{2150E333-8FDC-42A3-9474-1A3956D46DE8}") = "API", "API", "{B0146412-5AF4-464F-B18E-EABE157D8754}"
EndProject
Project("{2150E333-8FDC-42A3-9474-1A3956D46DE8}") = "Infrastructure", "Infrastructure", "{2A26B486-4281-4753-BFED-5800442EF786}"
EndProject
Project("{9A19103F-16F7-4668-BE54-9A1E7A4F7556}") = "HR.LeaveManagement.Domain", "Domain\HR.LeaveManagement.Domain.csproj", "{8E09A639-059B-4D79-B382-0C3F2DB83E7D}"
EndProject
Project("{9A19103F-16F7-4668-BE54-9A1E7A4F7556}") = "HR.LeaveManagement.Application", "HR.LeaveManagement.Application\HR.LeaveManagement.Application.csproj", "{2FCA9A3B-4657-4F06-AE01-2E0C23DAB9E7}"
EndProject
Project("{9A19103F-16F7-4668-BE54-9A1E7A4F7556}") = "HR.LeaveManagement.Persistence", "HR.LeaveManagement.Persistence\HR.LeaveManagement.Persistence.csproj", "{96BA7655-F791-4C9C-AFA8-3B77C7DE6442}"
EndProject
Project("{9A19103F-16F7-4668-BE54-9A1E7A4F7556}") = "HR.LeaveManagement.Infrastructure", "HR.LeaveManagement.Infrastructure\HR.LeaveManagement.Infrastructure.csproj", "{768D4195-9339-4833-A74C-79EC772900CD}"
EndProject
Project("{9A19103F-16F7-4668-BE54-9A1E7A4F7556}") = "HR.LeaveManagement.Api", "HR.LeaveManagement.Api\HR.LeaveManagement.Api.csproj", "{3493CCED-79E1-4B67-BD8A-C363B4990F5A}"
EndProject
Project("{2150E333-8FDC-42A3-9474-1A3956D46DE8}") = "test", "test", "{E74D53AF-74F5-456B-AA04-CAE30E8F1215}"
EndProject
Project("{9A19103F-16F7-4668-BE54-9A1E7A4F7556}") = "HR.LeaveManagement.Application.UnitTests", "HR.LeaveManagement.Application.Test\HR.LeaveManagement.Application.UnitTests.csproj", "{17599E5D-3B00-4D54-8423-33B5C4C0510A}"
EndProject
Project("{9A19103F-16F7-4668-BE54-9A1E7A4F7556}") = "HR.LeaveManagement.Persistence.IntegrationTest", "HR.LeaveManagement.Persistence.IntegrationTest\HR.LeaveManagement.Persistence.IntegrationTest.csproj", "{4D1478C1-A477-41D8-8236-2F0E1403945D}"
EndProject
Project("{FAE04EC0-301F-11D3-BF4B-00C04F79EFBC}") = "HR.LeaveManagement.BlazorUI", "HR.LeaveManagement.BlazorUI\HR.LeaveManagement.BlazorUI.csproj", "{C6CBEB33-0E30-474B-A9E6-9FF8936527CF}"
EndProject
Global
	GlobalSection(SolutionConfigurationPlatforms) = preSolution
		Debug|Any CPU = Debug|Any CPU
		Release|Any CPU = Release|Any CPU
	EndGlobalSection
	GlobalSection(ProjectConfigurationPlatforms) = postSolution
		{8E09A639-059B-4D79-B382-0C3F2DB83E7D}.Debug|Any CPU.ActiveCfg = Debug|Any CPU
		{8E09A639-059B-4D79-B382-0C3F2DB83E7D}.Debug|Any CPU.Build.0 = Debug|Any CPU
		{8E09A639-059B-4D79-B382-0C3F2DB83E7D}.Release|Any CPU.ActiveCfg = Release|Any CPU
		{8E09A639-059B-4D79-B382-0C3F2DB83E7D}.Release|Any CPU.Build.0 = Release|Any CPU
		{2FCA9A3B-4657-4F06-AE01-2E0C23DAB9E7}.Debug|Any CPU.ActiveCfg = Debug|Any CPU
		{2FCA9A3B-4657-4F06-AE01-2E0C23DAB9E7}.Debug|Any CPU.Build.0 = Debug|Any CPU
		{2FCA9A3B-4657-4F06-AE01-2E0C23DAB9E7}.Release|Any CPU.ActiveCfg = Release|Any CPU
		{2FCA9A3B-4657-4F06-AE01-2E0C23DAB9E7}.Release|Any CPU.Build.0 = Release|Any CPU
		{96BA7655-F791-4C9C-AFA8-3B77C7DE6442}.Debug|Any CPU.ActiveCfg = Debug|Any CPU
		{96BA7655-F791-4C9C-AFA8-3B77C7DE6442}.Debug|Any CPU.Build.0 = Debug|Any CPU
		{96BA7655-F791-4C9C-AFA8-3B77C7DE6442}.Release|Any CPU.ActiveCfg = Release|Any CPU
		{96BA7655-F791-4C9C-AFA8-3B77C7DE6442}.Release|Any CPU.Build.0 = Release|Any CPU
		{768D4195-9339-4833-A74C-79EC772900CD}.Debug|Any CPU.ActiveCfg = Debug|Any CPU
		{768D4195-9339-4833-A74C-79EC772900CD}.Debug|Any CPU.Build.0 = Debug|Any CPU
		{768D4195-9339-4833-A74C-79EC772900CD}.Release|Any CPU.ActiveCfg = Release|Any CPU
		{768D4195-9339-4833-A74C-79EC772900CD}.Release|Any CPU.Build.0 = Release|Any CPU
		{3493CCED-79E1-4B67-BD8A-C363B4990F5A}.Debug|Any CPU.ActiveCfg = Debug|Any CPU
		{3493CCED-79E1-4B67-BD8A-C363B4990F5A}.Debug|Any CPU.Build.0 = Debug|Any CPU
		{3493CCED-79E1-4B67-BD8A-C363B4990F5A}.Release|Any CPU.ActiveCfg = Release|Any CPU
		{3493CCED-79E1-4B67-BD8A-C363B4990F5A}.Release|Any CPU.Build.0 = Release|Any CPU
		{17599E5D-3B00-4D54-8423-33B5C4C0510A}.Debug|Any CPU.ActiveCfg = Debug|Any CPU
		{17599E5D-3B00-4D54-8423-33B5C4C0510A}.Debug|Any CPU.Build.0 = Debug|Any CPU
		{17599E5D-3B00-4D54-8423-33B5C4C0510A}.Release|Any CPU.ActiveCfg = Release|Any CPU
		{17599E5D-3B00-4D54-8423-33B5C4C0510A}.Release|Any CPU.Build.0 = Release|Any CPU
		{4D1478C1-A477-41D8-8236-2F0E1403945D}.Debug|Any CPU.ActiveCfg = Debug|Any CPU
		{4D1478C1-A477-41D8-8236-2F0E1403945D}.Debug|Any CPU.Build.0 = Debug|Any CPU
		{4D1478C1-A477-41D8-8236-2F0E1403945D}.Release|Any CPU.ActiveCfg = Release|Any CPU
		{4D1478C1-A477-41D8-8236-2F0E1403945D}.Release|Any CPU.Build.0 = Release|Any CPU
		{C6CBEB33-0E30-474B-A9E6-9FF8936527CF}.Debug|Any CPU.ActiveCfg = Debug|Any CPU
		{C6CBEB33-0E30-474B-A9E6-9FF8936527CF}.Debug|Any CPU.Build.0 = Debug|Any CPU
		{C6CBEB33-0E30-474B-A9E6-9FF8936527CF}.Release|Any CPU.ActiveCfg = Release|Any CPU
		{C6CBEB33-0E30-474B-A9E6-9FF8936527CF}.Release|Any CPU.Build.0 = Release|Any CPU
	EndGlobalSection
	GlobalSection(SolutionProperties) = preSolution
		HideSolutionNode = FALSE
	EndGlobalSection
	GlobalSection(NestedProjects) = preSolution
		{69058BDA-7214-43C6-B50F-959F630A7E77} = {C41C4B05-F8AB-48B2-9864-5FF46FB92848}
		{74B32B3B-6D4F-4600-B1FA-07CBA902B68F} = {C41C4B05-F8AB-48B2-9864-5FF46FB92848}
		{B0146412-5AF4-464F-B18E-EABE157D8754} = {C41C4B05-F8AB-48B2-9864-5FF46FB92848}
		{2A26B486-4281-4753-BFED-5800442EF786} = {C41C4B05-F8AB-48B2-9864-5FF46FB92848}
		{8E09A639-059B-4D79-B382-0C3F2DB83E7D} = {69058BDA-7214-43C6-B50F-959F630A7E77}
		{2FCA9A3B-4657-4F06-AE01-2E0C23DAB9E7} = {69058BDA-7214-43C6-B50F-959F630A7E77}
		{96BA7655-F791-4C9C-AFA8-3B77C7DE6442} = {2A26B486-4281-4753-BFED-5800442EF786}
		{768D4195-9339-4833-A74C-79EC772900CD} = {2A26B486-4281-4753-BFED-5800442EF786}
		{3493CCED-79E1-4B67-BD8A-C363B4990F5A} = {B0146412-5AF4-464F-B18E-EABE157D8754}
		{17599E5D-3B00-4D54-8423-33B5C4C0510A} = {E74D53AF-74F5-456B-AA04-CAE30E8F1215}
		{4D1478C1-A477-41D8-8236-2F0E1403945D} = {E74D53AF-74F5-456B-AA04-CAE30E8F1215}
		{C6CBEB33-0E30-474B-A9E6-9FF8936527CF} = {74B32B3B-6D4F-4600-B1FA-07CBA902B68F}
	EndGlobalSection
	GlobalSection(ExtensibilityGlobals) = postSolution
		SolutionGuid = {35A713CE-66F4-4810-BF1D-73EB3DC391E7}
	EndGlobalSection
EndGlobal
